
Microsoft Visual Studio Solution File, Format Version 12.00
# Visual Studio Version 16
VisualStudioVersion = 16.0.31729.503
MinimumVisualStudioVersion = 10.0.40219.1
Project("{9A19103F-16F7-4668-BE54-9A1E7A4F7556}") = "BuildAutomationWindowsService", "BuildAutomationWindowsService\BuildAutomationWindowsService.csproj", "{C1EA4064-5FBE-4035-8AE6-43235342CD0D}"
EndProject
Project("{FAE04EC0-301F-11D3-BF4B-00C04F79EFBC}") = "TopshelfServiceTutorial", "TopshelfServiceTutorial\TopshelfServiceTutorial.csproj", "{C04AA7F1-CCF7-418D-9679-115E82E009B0}"
EndProject
Global
	GlobalSection(SolutionConfigurationPlatforms) = preSolution
		Debug|Any CPU = Debug|Any CPU
		Release|Any CPU = Release|Any CPU
	EndGlobalSection
	GlobalSection(ProjectConfigurationPlatforms) = postSolution
		{C1EA4064-5FBE-4035-8AE6-43235342CD0D}.Debug|Any CPU.ActiveCfg = Debug|Any CPU
		{C1EA4064-5FBE-4035-8AE6-43235342CD0D}.Debug|Any CPU.Build.0 = Debug|Any CPU
		{C1EA4064-5FBE-4035-8AE6-43235342CD0D}.Release|Any CPU.ActiveCfg = Release|Any CPU
		{C1EA4064-5FBE-4035-8AE6-43235342CD0D}.Release|Any CPU.Build.0 = Release|Any CPU
		{C04AA7F1-CCF7-418D-9679-115E82E009B0}.Debug|Any CPU.ActiveCfg = Debug|Any CPU
		{C04AA7F1-CCF7-418D-9679-115E82E009B0}.Debug|Any CPU.Build.0 = Debug|Any CPU
		{C04AA7F1-CCF7-418D-9679-115E82E009B0}.Release|Any CPU.ActiveCfg = Release|Any CPU
		{C04AA7F1-CCF7-418D-9679-115E82E009B0}.Release|Any CPU.Build.0 = Release|Any CPU
	EndGlobalSection
	GlobalSection(SolutionProperties) = preSolution
		HideSolutionNode = FALSE
	EndGlobalSection
	GlobalSection(ExtensibilityGlobals) = postSolution
		SolutionGuid = {FCA8CFE4-F710-4C32-A5B7-D333D8637EDC}
	EndGlobalSection
EndGlobal
